# This file is automatically @generated by Cargo.
# It is not intended for manual editing.
version = 4

[[package]]
name = "fp"
version = "0.1.0"

[[package]]
name = "lwip"
version = "0.1.0"
dependencies = [
 "fp",
 "lwip-forkpoint-sdk",
 "rivet-libc",
]

[[package]]
name = "lwip-forkpoint-sdk"
version = "0.1.0"

[[package]]
name = "rivet-libc"
version = "0.1.0"
dependencies = [
 "fp",
]
